// !$*UTF8*$!
{
	archiveVersion = 1;
	classes = {
	};
	objectVersion = 55;
	objects = {

/* Begin PBXBuildFile section */
		372214352A3B94C8007DE39B /* ComplexModule in Frameworks */ = {isa = PBXBuildFile; productRef = 372214342A3B94C8007DE39B /* ComplexModule */; };
		372214372A3B94C8007DE39B /* Numerics in Frameworks */ = {isa = PBXBuildFile; productRef = 372214362A3B94C8007DE39B /* Numerics */; };
		372214392A3B94C8007DE39B /* RealModule in Frameworks */ = {isa = PBXBuildFile; productRef = 372214382A3B94C8007DE39B /* RealModule */; };
		373C87BD27E7C613008AEAF2 /* TetrationCommands.swift in Sources */ = {isa = PBXBuildFile; fileRef = 373C87BC27E7C613008AEAF2 /* TetrationCommands.swift */; };
		373C87C127E8E3A0008AEAF2 /* Action.swift in Sources */ = {isa = PBXBuildFile; fileRef = 373C87C027E8E3A0008AEAF2 /* Action.swift */; };
		373D3F9227EAD94B005118A8 /* Stack.swift in Sources */ = {isa = PBXBuildFile; fileRef = 373D3F9127EAD94B005118A8 /* Stack.swift */; };
		3761D2072A3B812A00F521F4 /* ExponentialMap.swift in Sources */ = {isa = PBXBuildFile; fileRef = 3761D2062A3B812A00F521F4 /* ExponentialMap.swift */; };
		3761D2092A3B8E6800F521F4 /* Palette.swift in Sources */ = {isa = PBXBuildFile; fileRef = 3761D2082A3B8E6800F521F4 /* Palette.swift */; };
		3775C55327CC9B570044877B /* Colors.swift in Sources */ = {isa = PBXBuildFile; fileRef = 3775C55227CC9B570044877B /* Colors.swift */; };
		3777BFE127CAA04900DC2B0E /* ComplexLogisticApp.swift in Sources */ = {isa = PBXBuildFile; fileRef = 3777BFE027CAA04900DC2B0E /* ComplexLogisticApp.swift */; };
		3777BFE327CAA04900DC2B0E /* ContentView.swift in Sources */ = {isa = PBXBuildFile; fileRef = 3777BFE227CAA04900DC2B0E /* ContentView.swift */; };
		3777BFE527CAA04C00DC2B0E /* Assets.xcassets in Resources */ = {isa = PBXBuildFile; fileRef = 3777BFE427CAA04C00DC2B0E /* Assets.xcassets */; };
		3777BFE827CAA04C00DC2B0E /* Preview Assets.xcassets in Resources */ = {isa = PBXBuildFile; fileRef = 3777BFE727CAA04C00DC2B0E /* Preview Assets.xcassets */; };
		3785790927CC2C9B001867C8 /* Array+Concurrent.swift in Sources */ = {isa = PBXBuildFile; fileRef = 3785790827CC2C9B001867C8 /* Array+Concurrent.swift */; };
		37A9744B27CAF7FC003A6EF8 /* TetrationView.swift in Sources */ = {isa = PBXBuildFile; fileRef = 37A9744A27CAF7FC003A6EF8 /* TetrationView.swift */; };
		37A9744D27CAFE45003A6EF8 /* Bitmap.swift in Sources */ = {isa = PBXBuildFile; fileRef = 37A9744C27CAFE45003A6EF8 /* Bitmap.swift */; };
		37DE69DA27ECCD6C0014C78D /* BoundingBox.swift in Sources */ = {isa = PBXBuildFile; fileRef = 37DE69D927ECCD6C0014C78D /* BoundingBox.swift */; };
/* End PBXBuildFile section */

/* Begin PBXFileReference section */
		373C87BC27E7C613008AEAF2 /* TetrationCommands.swift */ = {isa = PBXFileReference; lastKnownFileType = sourcecode.swift; path = TetrationCommands.swift; sourceTree = "<group>"; };
		373C87C027E8E3A0008AEAF2 /* Action.swift */ = {isa = PBXFileReference; lastKnownFileType = sourcecode.swift; path = Action.swift; sourceTree = "<group>"; };
		373D3F9127EAD94B005118A8 /* Stack.swift */ = {isa = PBXFileReference; lastKnownFileType = sourcecode.swift; path = Stack.swift; sourceTree = "<group>"; };
		3761D2062A3B812A00F521F4 /* ExponentialMap.swift */ = {isa = PBXFileReference; lastKnownFileType = sourcecode.swift; path = ExponentialMap.swift; sourceTree = "<group>"; };
		3761D2082A3B8E6800F521F4 /* Palette.swift */ = {isa = PBXFileReference; lastKnownFileType = sourcecode.swift; path = Palette.swift; sourceTree = "<group>"; };
		3775C55227CC9B570044877B /* Colors.swift */ = {isa = PBXFileReference; lastKnownFileType = sourcecode.swift; path = Colors.swift; sourceTree = "<group>"; };
		3777BFDD27CAA04900DC2B0E /* ComplexTetration.app */ = {isa = PBXFileReference; explicitFileType = wrapper.application; includeInIndex = 0; path = ComplexTetration.app; sourceTree = BUILT_PRODUCTS_DIR; };
		3777BFE027CAA04900DC2B0E /* ComplexLogisticApp.swift */ = {isa = PBXFileReference; lastKnownFileType = sourcecode.swift; path = ComplexLogisticApp.swift; sourceTree = "<group>"; };
		3777BFE227CAA04900DC2B0E /* ContentView.swift */ = {isa = PBXFileReference; lastKnownFileType = sourcecode.swift; path = ContentView.swift; sourceTree = "<group>"; };
		3777BFE427CAA04C00DC2B0E /* Assets.xcassets */ = {isa = PBXFileReference; lastKnownFileType = folder.assetcatalog; path = Assets.xcassets; sourceTree = "<group>"; };
		3777BFE727CAA04C00DC2B0E /* Preview Assets.xcassets */ = {isa = PBXFileReference; lastKnownFileType = folder.assetcatalog; path = "Preview Assets.xcassets"; sourceTree = "<group>"; };
		3777BFE927CAA04C00DC2B0E /* ComplexLogistic.entitlements */ = {isa = PBXFileReference; lastKnownFileType = text.plist.entitlements; path = ComplexLogistic.entitlements; sourceTree = "<group>"; };
		3785790827CC2C9B001867C8 /* Array+Concurrent.swift */ = {isa = PBXFileReference; lastKnownFileType = sourcecode.swift; path = "Array+Concurrent.swift"; sourceTree = "<group>"; };
		37A9744A27CAF7FC003A6EF8 /* TetrationView.swift */ = {isa = PBXFileReference; lastKnownFileType = sourcecode.swift; path = TetrationView.swift; sourceTree = "<group>"; };
		37A9744C27CAFE45003A6EF8 /* Bitmap.swift */ = {isa = PBXFileReference; lastKnownFileType = sourcecode.swift; path = Bitmap.swift; sourceTree = "<group>"; };
		37DE69D927ECCD6C0014C78D /* BoundingBox.swift */ = {isa = PBXFileReference; lastKnownFileType = sourcecode.swift; path = BoundingBox.swift; sourceTree = "<group>"; };
/* End PBXFileReference section */

/* Begin PBXFrameworksBuildPhase section */
		3777BFDA27CAA04900DC2B0E /* Frameworks */ = {
			isa = PBXFrameworksBuildPhase;
			buildActionMask = 2147483647;
			files = (
				372214372A3B94C8007DE39B /* Numerics in Frameworks */,
				372214352A3B94C8007DE39B /* ComplexModule in Frameworks */,
				372214392A3B94C8007DE39B /* RealModule in Frameworks */,
			);
			runOnlyForDeploymentPostprocessing = 0;
		};
/* End PBXFrameworksBuildPhase section */

/* Begin PBXGroup section */
		3777BFD427CAA04900DC2B0E = {
			isa = PBXGroup;
			children = (
				3777BFDF27CAA04900DC2B0E /* ComplexLogistic */,
				3777BFDE27CAA04900DC2B0E /* Products */,
			);
			sourceTree = "<group>";
		};
		3777BFDE27CAA04900DC2B0E /* Products */ = {
			isa = PBXGroup;
			children = (
				3777BFDD27CAA04900DC2B0E /* ComplexTetration.app */,
			);
			name = Products;
			sourceTree = "<group>";
		};
		3777BFDF27CAA04900DC2B0E /* ComplexLogistic */ = {
			isa = PBXGroup;
			children = (
				3777BFE027CAA04900DC2B0E /* ComplexLogisticApp.swift */,
				373C87C027E8E3A0008AEAF2 /* Action.swift */,
				3777BFE227CAA04900DC2B0E /* ContentView.swift */,
				3761D2062A3B812A00F521F4 /* ExponentialMap.swift */,
				37A9744A27CAF7FC003A6EF8 /* TetrationView.swift */,
				373C87BC27E7C613008AEAF2 /* TetrationCommands.swift */,
				3775C55227CC9B570044877B /* Colors.swift */,
				3761D2082A3B8E6800F521F4 /* Palette.swift */,
				3785790827CC2C9B001867C8 /* Array+Concurrent.swift */,
				373D3F9127EAD94B005118A8 /* Stack.swift */,
				37A9744C27CAFE45003A6EF8 /* Bitmap.swift */,
				3777BFE427CAA04C00DC2B0E /* Assets.xcassets */,
				3777BFE927CAA04C00DC2B0E /* ComplexLogistic.entitlements */,
				3777BFE627CAA04C00DC2B0E /* Preview Content */,
				37DE69D927ECCD6C0014C78D /* BoundingBox.swift */,
			);
			path = ComplexLogistic;
			sourceTree = "<group>";
		};
		3777BFE627CAA04C00DC2B0E /* Preview Content */ = {
			isa = PBXGroup;
			children = (
				3777BFE727CAA04C00DC2B0E /* Preview Assets.xcassets */,
			);
			path = "Preview Content";
			sourceTree = "<group>";
		};
/* End PBXGroup section */

/* Begin PBXNativeTarget section */
		3777BFDC27CAA04900DC2B0E /* ComplexTetration */ = {
			isa = PBXNativeTarget;
			buildConfigurationList = 3777BFEC27CAA04C00DC2B0E /* Build configuration list for PBXNativeTarget "ComplexTetration" */;
			buildPhases = (
				3777BFD927CAA04900DC2B0E /* Sources */,
				3777BFDA27CAA04900DC2B0E /* Frameworks */,
				3777BFDB27CAA04900DC2B0E /* Resources */,
			);
			buildRules = (
			);
			dependencies = (
			);
			name = ComplexTetration;
			packageProductDependencies = (
				372214342A3B94C8007DE39B /* ComplexModule */,
				372214362A3B94C8007DE39B /* Numerics */,
				372214382A3B94C8007DE39B /* RealModule */,
			);
			productName = ComplexLogistic;
			productReference = 3777BFDD27CAA04900DC2B0E /* ComplexTetration.app */;
			productType = "com.apple.product-type.application";
		};
/* End PBXNativeTarget section */

/* Begin PBXProject section */
		3777BFD527CAA04900DC2B0E /* Project object */ = {
			isa = PBXProject;
			attributes = {
				BuildIndependentTargetsInParallel = 1;
				LastSwiftUpdateCheck = 1320;
				LastUpgradeCheck = 1430;
				TargetAttributes = {
					3777BFDC27CAA04900DC2B0E = {
						CreatedOnToolsVersion = 13.2.1;
					};
				};
			};
			buildConfigurationList = 3777BFD827CAA04900DC2B0E /* Build configuration list for PBXProject "ComplexTetration" */;
			compatibilityVersion = "Xcode 13.0";
			developmentRegion = en;
			hasScannedForEncodings = 0;
			knownRegions = (
				en,
				Base,
			);
			mainGroup = 3777BFD427CAA04900DC2B0E;
			packageReferences = (
				372214332A3B94C8007DE39B /* XCRemoteSwiftPackageReference "swift-numerics" */,
			);
			productRefGroup = 3777BFDE27CAA04900DC2B0E /* Products */;
			projectDirPath = "";
			projectRoot = "";
			targets = (
				3777BFDC27CAA04900DC2B0E /* ComplexTetration */,
			);
		};
/* End PBXProject section */

/* Begin PBXResourcesBuildPhase section */
		3777BFDB27CAA04900DC2B0E /* Resources */ = {
			isa = PBXResourcesBuildPhase;
			buildActionMask = 2147483647;
			files = (
				3777BFE827CAA04C00DC2B0E /* Preview Assets.xcassets in Resources */,
				3777BFE527CAA04C00DC2B0E /* Assets.xcassets in Resources */,
			);
			runOnlyForDeploymentPostprocessing = 0;
		};
/* End PBXResourcesBuildPhase section */

/* Begin PBXSourcesBuildPhase section */
		3777BFD927CAA04900DC2B0E /* Sources */ = {
			isa = PBXSourcesBuildPhase;
			buildActionMask = 2147483647;
			files = (
				37A9744D27CAFE45003A6EF8 /* Bitmap.swift in Sources */,
				373C87C127E8E3A0008AEAF2 /* Action.swift in Sources */,
				37DE69DA27ECCD6C0014C78D /* BoundingBox.swift in Sources */,
				3761D2072A3B812A00F521F4 /* ExponentialMap.swift in Sources */,
				373C87BD27E7C613008AEAF2 /* TetrationCommands.swift in Sources */,
				3761D2092A3B8E6800F521F4 /* Palette.swift in Sources */,
				3775C55327CC9B570044877B /* Colors.swift in Sources */,
				373D3F9227EAD94B005118A8 /* Stack.swift in Sources */,
				3777BFE327CAA04900DC2B0E /* ContentView.swift in Sources */,
				37A9744B27CAF7FC003A6EF8 /* TetrationView.swift in Sources */,
				3785790927CC2C9B001867C8 /* Array+Concurrent.swift in Sources */,
				3777BFE127CAA04900DC2B0E /* ComplexLogisticApp.swift in Sources */,
			);
			runOnlyForDeploymentPostprocessing = 0;
		};
/* End PBXSourcesBuildPhase section */

/* Begin XCBuildConfiguration section */
		3777BFEA27CAA04C00DC2B0E /* Debug */ = {
			isa = XCBuildConfiguration;
			buildSettings = {
				ALWAYS_SEARCH_USER_PATHS = NO;
				CLANG_ANALYZER_NONNULL = YES;
				CLANG_ANALYZER_NUMBER_OBJECT_CONVERSION = YES_AGGRESSIVE;
				CLANG_CXX_LANGUAGE_STANDARD = "gnu++17";
				CLANG_CXX_LIBRARY = "libc++";
				CLANG_ENABLE_MODULES = YES;
				CLANG_ENABLE_OBJC_ARC = YES;
				CLANG_ENABLE_OBJC_WEAK = YES;
				CLANG_WARN_BLOCK_CAPTURE_AUTORELEASING = YES;
				CLANG_WARN_BOOL_CONVERSION = YES;
				CLANG_WARN_COMMA = YES;
				CLANG_WARN_CONSTANT_CONVERSION = YES;
				CLANG_WARN_DEPRECATED_OBJC_IMPLEMENTATIONS = YES;
				CLANG_WARN_DIRECT_OBJC_ISA_USAGE = YES_ERROR;
				CLANG_WARN_DOCUMENTATION_COMMENTS = YES;
				CLANG_WARN_EMPTY_BODY = YES;
				CLANG_WARN_ENUM_CONVERSION = YES;
				CLANG_WARN_INFINITE_RECURSION = YES;
				CLANG_WARN_INT_CONVERSION = YES;
				CLANG_WARN_NON_LITERAL_NULL_CONVERSION = YES;
				CLANG_WARN_OBJC_IMPLICIT_RETAIN_SELF = YES;
				CLANG_WARN_OBJC_LITERAL_CONVERSION = YES;
				CLANG_WARN_OBJC_ROOT_CLASS = YES_ERROR;
				CLANG_WARN_QUOTED_INCLUDE_IN_FRAMEWORK_HEADER = YES;
				CLANG_WARN_RANGE_LOOP_ANALYSIS = YES;
				CLANG_WARN_STRICT_PROTOTYPES = YES;
				CLANG_WARN_SUSPICIOUS_MOVE = YES;
				CLANG_WARN_UNGUARDED_AVAILABILITY = YES_AGGRESSIVE;
				CLANG_WARN_UNREACHABLE_CODE = YES;
				CLANG_WARN__DUPLICATE_METHOD_MATCH = YES;
				COPY_PHASE_STRIP = NO;
				DEAD_CODE_STRIPPING = YES;
				DEBUG_INFORMATION_FORMAT = dwarf;
				ENABLE_STRICT_OBJC_MSGSEND = YES;
				ENABLE_TESTABILITY = YES;
				GCC_C_LANGUAGE_STANDARD = gnu11;
				GCC_DYNAMIC_NO_PIC = NO;
				GCC_NO_COMMON_BLOCKS = YES;
				GCC_OPTIMIZATION_LEVEL = 0;
				GCC_PREPROCESSOR_DEFINITIONS = (
					"DEBUG=1",
					"$(inherited)",
				);
				GCC_WARN_64_TO_32_BIT_CONVERSION = YES;
				GCC_WARN_ABOUT_RETURN_TYPE = YES_ERROR;
				GCC_WARN_UNDECLARED_SELECTOR = YES;
				GCC_WARN_UNINITIALIZED_AUTOS = YES_AGGRESSIVE;
				GCC_WARN_UNUSED_FUNCTION = YES;
				GCC_WARN_UNUSED_VARIABLE = YES;
				MACOSX_DEPLOYMENT_TARGET = 11.6;
				MTL_ENABLE_DEBUG_INFO = INCLUDE_SOURCE;
				MTL_FAST_MATH = YES;
				ONLY_ACTIVE_ARCH = YES;
				SDKROOT = macosx;
				SWIFT_ACTIVE_COMPILATION_CONDITIONS = DEBUG;
				SWIFT_OPTIMIZATION_LEVEL = "-Onone";
			};
			name = Debug;
		};
		3777BFEB27CAA04C00DC2B0E /* Release */ = {
			isa = XCBuildConfiguration;
			buildSettings = {
				ALWAYS_SEARCH_USER_PATHS = NO;
				CLANG_ANALYZER_NONNULL = YES;
				CLANG_ANALYZER_NUMBER_OBJECT_CONVERSION = YES_AGGRESSIVE;
				CLANG_CXX_LANGUAGE_STANDARD = "gnu++17";
				CLANG_CXX_LIBRARY = "libc++";
				CLANG_ENABLE_MODULES = YES;
				CLANG_ENABLE_OBJC_ARC = YES;
				CLANG_ENABLE_OBJC_WEAK = YES;
				CLANG_WARN_BLOCK_CAPTURE_AUTORELEASING = YES;
				CLANG_WARN_BOOL_CONVERSION = YES;
				CLANG_WARN_COMMA = YES;
				CLANG_WARN_CONSTANT_CONVERSION = YES;
				CLANG_WARN_DEPRECATED_OBJC_IMPLEMENTATIONS = YES;
				CLANG_WARN_DIRECT_OBJC_ISA_USAGE = YES_ERROR;
				CLANG_WARN_DOCUMENTATION_COMMENTS = YES;
				CLANG_WARN_EMPTY_BODY = YES;
				CLANG_WARN_ENUM_CONVERSION = YES;
				CLANG_WARN_INFINITE_RECURSION = YES;
				CLANG_WARN_INT_CONVERSION = YES;
				CLANG_WARN_NON_LITERAL_NULL_CONVERSION = YES;
				CLANG_WARN_OBJC_IMPLICIT_RETAIN_SELF = YES;
				CLANG_WARN_OBJC_LITERAL_CONVERSION = YES;
				CLANG_WARN_OBJC_ROOT_CLASS = YES_ERROR;
				CLANG_WARN_QUOTED_INCLUDE_IN_FRAMEWORK_HEADER = YES;
				CLANG_WARN_RANGE_LOOP_ANALYSIS = YES;
				CLANG_WARN_STRICT_PROTOTYPES = YES;
				CLANG_WARN_SUSPICIOUS_MOVE = YES;
				CLANG_WARN_UNGUARDED_AVAILABILITY = YES_AGGRESSIVE;
				CLANG_WARN_UNREACHABLE_CODE = YES;
				CLANG_WARN__DUPLICATE_METHOD_MATCH = YES;
				COPY_PHASE_STRIP = NO;
				DEAD_CODE_STRIPPING = YES;
				DEBUG_INFORMATION_FORMAT = "dwarf-with-dsym";
				ENABLE_NS_ASSERTIONS = NO;
				ENABLE_STRICT_OBJC_MSGSEND = YES;
				GCC_C_LANGUAGE_STANDARD = gnu11;
				GCC_NO_COMMON_BLOCKS = YES;
				GCC_WARN_64_TO_32_BIT_CONVERSION = YES;
				GCC_WARN_ABOUT_RETURN_TYPE = YES_ERROR;
				GCC_WARN_UNDECLARED_SELECTOR = YES;
				GCC_WARN_UNINITIALIZED_AUTOS = YES_AGGRESSIVE;
				GCC_WARN_UNUSED_FUNCTION = YES;
				GCC_WARN_UNUSED_VARIABLE = YES;
				MACOSX_DEPLOYMENT_TARGET = 11.6;
				MTL_ENABLE_DEBUG_INFO = NO;
				MTL_FAST_MATH = YES;
				SDKROOT = macosx;
				SWIFT_COMPILATION_MODE = wholemodule;
				SWIFT_OPTIMIZATION_LEVEL = "-O";
			};
			name = Release;
		};
		3777BFED27CAA04C00DC2B0E /* Debug */ = {
			isa = XCBuildConfiguration;
			buildSettings = {
				ASSETCATALOG_COMPILER_APPICON_NAME = AppIcon;
				ASSETCATALOG_COMPILER_GLOBAL_ACCENT_COLOR_NAME = AccentColor;
				CODE_SIGN_ENTITLEMENTS = ComplexLogistic/ComplexLogistic.entitlements;
				CODE_SIGN_STYLE = Automatic;
				COMBINE_HIDPI_IMAGES = YES;
				CURRENT_PROJECT_VERSION = 1;
				DEAD_CODE_STRIPPING = YES;
				DEVELOPMENT_ASSET_PATHS = "\"ComplexLogistic/Preview Content\"";
				ENABLE_PREVIEWS = YES;
				GENERATE_INFOPLIST_FILE = YES;
				INFOPLIST_KEY_NSHumanReadableCopyright = "";
				LD_RUNPATH_SEARCH_PATHS = (
					"$(inherited)",
					"@executable_path/../Frameworks",
				);
				MARKETING_VERSION = 1.0;
				PRODUCT_BUNDLE_IDENTIFIER = com.catsynth.ComplexLogistic;
				PRODUCT_NAME = "$(TARGET_NAME)";
				SWIFT_EMIT_LOC_STRINGS = YES;
				SWIFT_VERSION = 5.0;
			};
			name = Debug;
		};
		3777BFEE27CAA04C00DC2B0E /* Release */ = {
			isa = XCBuildConfiguration;
			buildSettings = {
				ASSETCATALOG_COMPILER_APPICON_NAME = AppIcon;
				ASSETCATALOG_COMPILER_GLOBAL_ACCENT_COLOR_NAME = AccentColor;
				CODE_SIGN_ENTITLEMENTS = ComplexLogistic/ComplexLogistic.entitlements;
				CODE_SIGN_STYLE = Automatic;
				COMBINE_HIDPI_IMAGES = YES;
				CURRENT_PROJECT_VERSION = 1;
				DEAD_CODE_STRIPPING = YES;
				DEVELOPMENT_ASSET_PATHS = "\"ComplexLogistic/Preview Content\"";
				ENABLE_PREVIEWS = YES;
				GENERATE_INFOPLIST_FILE = YES;
				INFOPLIST_KEY_NSHumanReadableCopyright = "";
				LD_RUNPATH_SEARCH_PATHS = (
					"$(inherited)",
					"@executable_path/../Frameworks",
				);
				MARKETING_VERSION = 1.0;
				PRODUCT_BUNDLE_IDENTIFIER = com.catsynth.ComplexLogistic;
				PRODUCT_NAME = "$(TARGET_NAME)";
				SWIFT_EMIT_LOC_STRINGS = YES;
				SWIFT_VERSION = 5.0;
			};
			name = Release;
		};
/* End XCBuildConfiguration section */

/* Begin XCConfigurationList section */
		3777BFD827CAA04900DC2B0E /* Build configuration list for PBXProject "ComplexTetration" */ = {
			isa = XCConfigurationList;
			buildConfigurations = (
				3777BFEA27CAA04C00DC2B0E /* Debug */,
				3777BFEB27CAA04C00DC2B0E /* Release */,
			);
			defaultConfigurationIsVisible = 0;
			defaultConfigurationName = Release;
		};
		3777BFEC27CAA04C00DC2B0E /* Build configuration list for PBXNativeTarget "ComplexTetration" */ = {
			isa = XCConfigurationList;
			buildConfigurations = (
				3777BFED27CAA04C00DC2B0E /* Debug */,
				3777BFEE27CAA04C00DC2B0E /* Release */,
			);
			defaultConfigurationIsVisible = 0;
			defaultConfigurationName = Release;
		};
/* End XCConfigurationList section */

/* Begin XCRemoteSwiftPackageReference section */
		372214332A3B94C8007DE39B /* XCRemoteSwiftPackageReference "swift-numerics" */ = {
			isa = XCRemoteSwiftPackageReference;
			repositoryURL = "https://github.com/apple/swift-numerics.git";
			requirement = {
				kind = upToNextMajorVersion;
				minimumVersion = 1.0.0;
			};
		};
/* End XCRemoteSwiftPackageReference section */

/* Begin XCSwiftPackageProductDependency section */
		372214342A3B94C8007DE39B /* ComplexModule */ = {
			isa = XCSwiftPackageProductDependency;
			package = 372214332A3B94C8007DE39B /* XCRemoteSwiftPackageReference "swift-numerics" */;
			productName = ComplexModule;
		};
		372214362A3B94C8007DE39B /* Numerics */ = {
			isa = XCSwiftPackageProductDependency;
			package = 372214332A3B94C8007DE39B /* XCRemoteSwiftPackageReference "swift-numerics" */;
			productName = Numerics;
		};
		372214382A3B94C8007DE39B /* RealModule */ = {
			isa = XCSwiftPackageProductDependency;
			package = 372214332A3B94C8007DE39B /* XCRemoteSwiftPackageReference "swift-numerics" */;
			productName = RealModule;
		};
/* End XCSwiftPackageProductDependency section */
	};
	rootObject = 3777BFD527CAA04900DC2B0E /* Project object */;
}
